PODS:
  - Flutter (1.0.0)
  - flutter_carplay (1.0.3):
    - Flutter

DEPENDENCIES:
  - Flutter (from `Flutter`)
  - flutter_carplay (from `.symlinks/plugins/flutter_carplay/ios`)

EXTERNAL SOURCES:
  Flutter:
    :path: Flutter
  flutter_carplay:
    :path: ".symlinks/plugins/flutter_carplay/ios"

SPEC CHECKSUMS:
  Flutter: f04841e97a9d0b0a8025694d0796dd46242b2854
  flutter_carplay: fe777eed6b4b159fcc4be4eada9e6465641202a2

PODFILE CHECKSUM: 5e6da50b95cc2e87bbbc08b7669af3b43c4f2bed

COCOAPODS: 1.11.3
